
Microsoft Visual Studio Solution File, Format Version 12.00
# Visual Studio 14
VisualStudioVersion = 14.0.24720.0
MinimumVisualStudioVersion = 10.0.40219.1
Project("{FAE04EC0-301F-11D3-BF4B-00C04F79EFBC}") = "RustyDragonInn", "RustyDragonInn\RustyDragonInn.csproj", "{1471AF95-B8B0-4E7E-A7D2-695FE8DF8BD7}"
EndProject
Project("{FAE04EC0-301F-11D3-BF4B-00C04F79EFBC}") = "RustyDragonBasesAndInterfaces", "RustyDragonInterfaces\RustyDragonBasesAndInterfaces.csproj", "{A8870F06-C16F-43A3-9CE6-AA7DD524CBD7}"
EndProject
Project("{FAE04EC0-301F-11D3-BF4B-00C04F79EFBC}") = "RustyDragonInn.Main", "RustyDragonInn.Main\RustyDragonInn.Main.csproj", "{CA87CEBE-0D6E-46ED-83A6-0F230422F420}"
EndProject
Global
	GlobalSection(SolutionConfigurationPlatforms) = preSolution
		Debug|Any CPU = Debug|Any CPU
		Release|Any CPU = Release|Any CPU
	EndGlobalSection
	GlobalSection(ProjectConfigurationPlatforms) = postSolution
		{1471AF95-B8B0-4E7E-A7D2-695FE8DF8BD7}.Debug|Any CPU.ActiveCfg = Debug|Any CPU
		{1471AF95-B8B0-4E7E-A7D2-695FE8DF8BD7}.Debug|Any CPU.Build.0 = Debug|Any CPU
		{1471AF95-B8B0-4E7E-A7D2-695FE8DF8BD7}.Release|Any CPU.ActiveCfg = Release|Any CPU
		{1471AF95-B8B0-4E7E-A7D2-695FE8DF8BD7}.Release|Any CPU.Build.0 = Release|Any CPU
		{A8870F06-C16F-43A3-9CE6-AA7DD524CBD7}.Debug|Any CPU.ActiveCfg = Debug|Any CPU
		{A8870F06-C16F-43A3-9CE6-AA7DD524CBD7}.Debug|Any CPU.Build.0 = Debug|Any CPU
		{A8870F06-C16F-43A3-9CE6-AA7DD524CBD7}.Release|Any CPU.ActiveCfg = Release|Any CPU
		{A8870F06-C16F-43A3-9CE6-AA7DD524CBD7}.Release|Any CPU.Build.0 = Release|Any CPU
		{CA87CEBE-0D6E-46ED-83A6-0F230422F420}.Debug|Any CPU.ActiveCfg = Debug|Any CPU
		{CA87CEBE-0D6E-46ED-83A6-0F230422F420}.Debug|Any CPU.Build.0 = Debug|Any CPU
		{CA87CEBE-0D6E-46ED-83A6-0F230422F420}.Release|Any CPU.ActiveCfg = Release|Any CPU
		{CA87CEBE-0D6E-46ED-83A6-0F230422F420}.Release|Any CPU.Build.0 = Release|Any CPU
	EndGlobalSection
	GlobalSection(SolutionProperties) = preSolution
		HideSolutionNode = FALSE
	EndGlobalSection
EndGlobal
